<?xml version="1.0" encoding="utf-8"?>
<Project ToolsVersion="4.0" xmlns="http://schemas.microsoft.com/developer/msbuild/2003">
  <ItemGroup>
    <Filter Include="Lamp">
      <UniqueIdentifier>{6F67887C-5B9E-890D-048B-6F10F0A0050F}</UniqueIdentifier>
    </Filter>
    <Filter Include="Lamp\vendor">
      <UniqueIdentifier>{EC6A4D3D-5820-C632-E114-C0094DC9BC36}</UniqueIdentifier>
    </Filter>
    <Filter Include="Lamp\vendor\ImGuizmo">
      <UniqueIdentifier>{CCE60BD4-B875-959D-6194-A9984D02A643}</UniqueIdentifier>
    </Filter>
    <Filter Include="Lamp\vendor\ImGuizmo\include">
      <UniqueIdentifier>{3F1A494A-2BD5-38F6-D48C-B140C0268386}</UniqueIdentifier>
    </Filter>
    <Filter Include="Lamp\vendor\ImGuizmo\include\ImGuizmo">
      <UniqueIdentifier>{7F830934-EB47-0824-B4AD-38EE2031A459}</UniqueIdentifier>
    </Filter>
    <Filter Include="engine">
      <UniqueIdentifier>{FBDB78FB-E77D-A3D1-D038-B725BC792A22}</UniqueIdentifier>
    </Filter>
    <Filter Include="engine\shaders">
      <UniqueIdentifier>{F463528C-E031-4692-C9C5-B6B8B53222F7}</UniqueIdentifier>
    </Filter>
    <Filter Include="engine\shaders\2d">
      <UniqueIdentifier>{391EE239-A534-E0CF-EEAB-6BF15A01B157}</UniqueIdentifier>
    </Filter>
    <Filter Include="src">
      <UniqueIdentifier>{2DAB880B-99B4-887C-2230-9F7C8E38947C}</UniqueIdentifier>
    </Filter>
    <Filter Include="src\Sandbox2D">
      <UniqueIdentifier>{8177177F-ED37-93B5-B672-DC3222F2D791}</UniqueIdentifier>
    </Filter>
    <Filter Include="src\Sandbox3D">
      <UniqueIdentifier>{A277177F-0E38-93B5-D772-DC3243F2D791}</UniqueIdentifier>
    </Filter>
    <Filter Include="src\Sandbox3D\Windows">
      <UniqueIdentifier>{DCA36BBB-4810-27B6-1104-BF137D2F491E}</UniqueIdentifier>
    </Filter>
  </ItemGroup>
  <ItemGroup>
    <ClInclude Include="..\Lamp\vendor\ImGuizmo\include\ImGuizmo\ImGuizmo.h">
      <Filter>Lamp\vendor\ImGuizmo\include\ImGuizmo</Filter>
    </ClInclude>
    <ClInclude Include="src\Sandbox2D\Sandbox2D.h">
      <Filter>src\Sandbox2D</Filter>
    </ClInclude>
    <ClInclude Include="src\Sandbox3D\CommandStack.h">
      <Filter>src\Sandbox3D</Filter>
    </ClInclude>
    <ClInclude Include="src\Sandbox3D\Sandbox3D.h">
      <Filter>src\Sandbox3D</Filter>
    </ClInclude>
    <ClInclude Include="src\Sandbox3D\SandboxController.h">
      <Filter>src\Sandbox3D</Filter>
    </ClInclude>
    <ClInclude Include="src\Sandbox3D\Windows\ModelImporter.h">
      <Filter>src\Sandbox3D\Windows</Filter>
    </ClInclude>
  </ItemGroup>
  <ItemGroup>
    <ClCompile Include="..\Lamp\vendor\ImGuizmo\include\ImGuizmo\ImGuizmo.cpp">
      <Filter>Lamp\vendor\ImGuizmo\include\ImGuizmo</Filter>
    </ClCompile>
    <ClCompile Include="src\Sandbox2D\Sandbox2D.cpp">
      <Filter>src\Sandbox2D</Filter>
    </ClCompile>
    <ClCompile Include="src\Sandbox2D\SandboxRenderer.cpp">
      <Filter>src\Sandbox2D</Filter>
    </ClCompile>
    <ClCompile Include="src\Sandbox3D\ConfigHandler.cpp">
      <Filter>src\Sandbox3D</Filter>
    </ClCompile>
    <ClCompile Include="src\Sandbox3D\ImGuiRenderer.cpp">
      <Filter>src\Sandbox3D</Filter>
    </ClCompile>
    <ClCompile Include="src\Sandbox3D\Sandbox3D.cpp">
      <Filter>src\Sandbox3D</Filter>
    </ClCompile>
    <ClCompile Include="src\Sandbox3D\ShortcutFunctions.cpp">
      <Filter>src\Sandbox3D</Filter>
    </ClCompile>
    <ClCompile Include="src\Sandbox3D\Windows\ModelImporter.cpp">
      <Filter>src\Sandbox3D\Windows</Filter>
    </ClCompile>
    <ClCompile Include="src\SandboxApp.cpp">
      <Filter>src</Filter>
    </ClCompile>
  </ItemGroup>
  <ItemGroup>
    <None Include="engine\shaders\2d\FlatColor.frag">
      <Filter>engine\shaders\2d</Filter>
    </None>
    <None Include="engine\shaders\2d\FlatColor.vert">
      <Filter>engine\shaders\2d</Filter>
    </None>
    <None Include="engine\shaders\2d\Texture.frag">
      <Filter>engine\shaders\2d</Filter>
    </None>
    <None Include="engine\shaders\2d\Texture.vert">
      <Filter>engine\shaders\2d</Filter>
    </None>
  </ItemGroup>
</Project>