<?xml version="1.0" encoding="utf-8"?>
<Project ToolsVersion="4.0" xmlns="http://schemas.microsoft.com/developer/msbuild/2003">
  <ItemGroup>
    <Filter Include="Lamp">
      <UniqueIdentifier>{6F67887C-5B9E-890D-048B-6F10F0A0050F}</UniqueIdentifier>
    </Filter>
    <Filter Include="Lamp\Core">
      <UniqueIdentifier>{278946DB-93F3-FA51-DC31-ACF748DBD8A6}</UniqueIdentifier>
    </Filter>
    <Filter Include="Lamp\Event">
      <UniqueIdentifier>{00803F44-EC37-8191-553F-5AED41161C82}</UniqueIdentifier>
    </Filter>
    <Filter Include="Lamp\Input">
      <UniqueIdentifier>{AEAE8344-9A66-C591-036E-9EEDEF446082}</UniqueIdentifier>
    </Filter>
    <Filter Include="Lamp\Layer">
      <UniqueIdentifier>{7BFBB244-67B3-F491-D0BA-CDEDBC918F82}</UniqueIdentifier>
    </Filter>
    <Filter Include="Lamp\Rendering">
      <UniqueIdentifier>{7C879B2E-6855-8F34-51E9-FF5A3D566B99}</UniqueIdentifier>
    </Filter>
    <Filter Include="Lamp\Rendering\Shader">
      <UniqueIdentifier>{A2F37E64-0E60-3A5F-D753-D2BC437F5CC7}</UniqueIdentifier>
    </Filter>
    <Filter Include="Lamp\Rendering\Texture">
      <UniqueIdentifier>{DC68013C-C862-2A8E-B1CF-C09E9D6890FA}</UniqueIdentifier>
    </Filter>
  </ItemGroup>
  <ItemGroup>
    <ClInclude Include="src\Lamp.h" />
    <ClInclude Include="src\Lamp\Application.h">
      <Filter>Lamp</Filter>
    </ClInclude>
    <ClInclude Include="src\Lamp\Core.h">
      <Filter>Lamp</Filter>
    </ClInclude>
    <ClInclude Include="src\Lamp\Core\Timestep.h">
      <Filter>Lamp\Core</Filter>
    </ClInclude>
    <ClInclude Include="src\Lamp\EntryPoint.h">
      <Filter>Lamp</Filter>
    </ClInclude>
    <ClInclude Include="src\Lamp\Event\ApplicationEvent.h">
      <Filter>Lamp\Event</Filter>
    </ClInclude>
    <ClInclude Include="src\Lamp\Event\Event.h">
      <Filter>Lamp\Event</Filter>
    </ClInclude>
    <ClInclude Include="src\Lamp\Event\KeyEvent.h">
      <Filter>Lamp\Event</Filter>
    </ClInclude>
    <ClInclude Include="src\Lamp\Event\MouseEvent.h">
      <Filter>Lamp\Event</Filter>
    </ClInclude>
    <ClInclude Include="src\Lamp\Input\IOManager.h">
      <Filter>Lamp\Input</Filter>
    </ClInclude>
    <ClInclude Include="src\Lamp\Input\Input.h">
      <Filter>Lamp\Input</Filter>
    </ClInclude>
    <ClInclude Include="src\Lamp\Input\KeyCodes.h">
      <Filter>Lamp\Input</Filter>
    </ClInclude>
    <ClInclude Include="src\Lamp\Input\MouseButtonCodes.h">
      <Filter>Lamp\Input</Filter>
    </ClInclude>
    <ClInclude Include="src\Lamp\Input\ResourceManager.h">
      <Filter>Lamp\Input</Filter>
    </ClInclude>
    <ClInclude Include="src\Lamp\Input\WindowsInput.h">
      <Filter>Lamp\Input</Filter>
    </ClInclude>
    <ClInclude Include="src\Lamp\Layer\Layer.h">
      <Filter>Lamp\Layer</Filter>
    </ClInclude>
    <ClInclude Include="src\Lamp\Layer\LayerStack.h">
      <Filter>Lamp\Layer</Filter>
    </ClInclude>
    <ClInclude Include="src\Lamp\Log.h">
      <Filter>Lamp</Filter>
    </ClInclude>
    <ClInclude Include="src\Lamp\Rendering\OrthographicCamera.h">
      <Filter>Lamp\Rendering</Filter>
    </ClInclude>
    <ClInclude Include="src\Lamp\Rendering\OrthographicCameraController.h">
      <Filter>Lamp\Rendering</Filter>
    </ClInclude>
    <ClInclude Include="src\Lamp\Rendering\Renderer.h">
      <Filter>Lamp\Rendering</Filter>
    </ClInclude>
    <ClInclude Include="src\Lamp\Rendering\Shader\Shader.h">
      <Filter>Lamp\Rendering\Shader</Filter>
    </ClInclude>
    <ClInclude Include="src\Lamp\Rendering\Sprite.h">
      <Filter>Lamp\Rendering</Filter>
    </ClInclude>
    <ClInclude Include="src\Lamp\Rendering\SpriteBatch.h">
      <Filter>Lamp\Rendering</Filter>
    </ClInclude>
    <ClInclude Include="src\Lamp\Rendering\Texture\GLTexture.h">
      <Filter>Lamp\Rendering\Texture</Filter>
    </ClInclude>
    <ClInclude Include="src\Lamp\Rendering\Texture\ImageLoader.h">
      <Filter>Lamp\Rendering\Texture</Filter>
    </ClInclude>
    <ClInclude Include="src\Lamp\Rendering\Texture\TextureCache.h">
      <Filter>Lamp\Rendering\Texture</Filter>
    </ClInclude>
    <ClInclude Include="src\Lamp\Rendering\Texture\picoPNG.h">
      <Filter>Lamp\Rendering\Texture</Filter>
    </ClInclude>
    <ClInclude Include="src\Lamp\Rendering\Vertex.h">
      <Filter>Lamp\Rendering</Filter>
    </ClInclude>
    <ClInclude Include="src\Lamp\Window.h">
      <Filter>Lamp</Filter>
    </ClInclude>
    <ClInclude Include="src\lppch.h" />
  </ItemGroup>
  <ItemGroup>
    <ClCompile Include="src\Lamp\Application.cpp">
      <Filter>Lamp</Filter>
    </ClCompile>
    <ClCompile Include="src\Lamp\Input\IOManager.cpp">
      <Filter>Lamp\Input</Filter>
    </ClCompile>
    <ClCompile Include="src\Lamp\Input\ResourceManager.cpp">
      <Filter>Lamp\Input</Filter>
    </ClCompile>
    <ClCompile Include="src\Lamp\Input\WindowsInput.cpp">
      <Filter>Lamp\Input</Filter>
    </ClCompile>
    <ClCompile Include="src\Lamp\Layer\Layer.cpp">
      <Filter>Lamp\Layer</Filter>
    </ClCompile>
    <ClCompile Include="src\Lamp\Layer\LayerStack.cpp">
      <Filter>Lamp\Layer</Filter>
    </ClCompile>
    <ClCompile Include="src\Lamp\Log.cpp">
      <Filter>Lamp</Filter>
    </ClCompile>
    <ClCompile Include="src\Lamp\Rendering\OrthographicCamera.cpp">
      <Filter>Lamp\Rendering</Filter>
    </ClCompile>
    <ClCompile Include="src\Lamp\Rendering\OrthographicCameraController.cpp">
      <Filter>Lamp\Rendering</Filter>
    </ClCompile>
    <ClCompile Include="src\Lamp\Rendering\Renderer.cpp">
      <Filter>Lamp\Rendering</Filter>
    </ClCompile>
    <ClCompile Include="src\Lamp\Rendering\Shader\Shader.cpp">
      <Filter>Lamp\Rendering\Shader</Filter>
    </ClCompile>
    <ClCompile Include="src\Lamp\Rendering\Sprite.cpp">
      <Filter>Lamp\Rendering</Filter>
    </ClCompile>
    <ClCompile Include="src\Lamp\Rendering\SpriteBatch.cpp">
      <Filter>Lamp\Rendering</Filter>
    </ClCompile>
    <ClCompile Include="src\Lamp\Rendering\Texture\ImageLoader.cpp">
      <Filter>Lamp\Rendering\Texture</Filter>
    </ClCompile>
    <ClCompile Include="src\Lamp\Rendering\Texture\TextureCache.cpp">
      <Filter>Lamp\Rendering\Texture</Filter>
    </ClCompile>
    <ClCompile Include="src\Lamp\Rendering\Texture\picoPNG.cpp">
      <Filter>Lamp\Rendering\Texture</Filter>
    </ClCompile>
    <ClCompile Include="src\Lamp\Window.cpp">
      <Filter>Lamp</Filter>
    </ClCompile>
    <ClCompile Include="src\lppch.cpp" />
  </ItemGroup>
</Project>