<?xml version="1.0" encoding="utf-8"?>
<Project ToolsVersion="4.0" xmlns="http://schemas.microsoft.com/developer/msbuild/2003">
  <ItemGroup>
    <Filter Include="BaseComponents">
      <UniqueIdentifier>{868205E2-7250-F9E7-5BE4-690E4751D54C}</UniqueIdentifier>
    </Filter>
    <Filter Include="Component">
      <UniqueIdentifier>{F8BD1DB3-6428-D229-AD66-83CF1910B07E}</UniqueIdentifier>
    </Filter>
    <Filter Include="Entity">
      <UniqueIdentifier>{A2E9DAB0-8E8B-0587-7746-19DB63878CD7}</UniqueIdentifier>
    </Filter>
  </ItemGroup>
  <ItemGroup>
    <ClCompile Include="src\LampEntity\EntityComponent\EntityComponent.cpp" />
    <ClCompile Include="src\LampEntity\Entity\Entity.cpp" />
  </ItemGroup>
  <ItemGroup>
    <ClInclude Include="src\LampEntity\EntityComponent\EntityComponent.h" />
    <ClInclude Include="src\LampEntity\Entity\Entity.h" />
    <ClInclude Include="src\LampEntity\BaseComponents\TransformComponent.h" />
  </ItemGroup>
</Project>