<?xml version="1.0" encoding="utf-8"?>
<Project ToolsVersion="4.0" xmlns="http://schemas.microsoft.com/developer/msbuild/2003">
  <ItemGroup>
    <Filter Include="Component">
      <UniqueIdentifier>{F8BD1DB3-6428-D229-AD66-83CF1910B07E}</UniqueIdentifier>
    </Filter>
    <Filter Include="Entity">
      <UniqueIdentifier>{A2E9DAB0-8E8B-0587-7746-19DB63878CD7}</UniqueIdentifier>
    </Filter>
  </ItemGroup>
  <ItemGroup>
    <ClInclude Include="src\Component\Component.h">
      <Filter>Component</Filter>
    </ClInclude>
    <ClInclude Include="src\Component\EntityComponent.h">
      <Filter>Component</Filter>
    </ClInclude>
    <ClInclude Include="src\Entity\Entity.h">
      <Filter>Entity</Filter>
    </ClInclude>
  </ItemGroup>
  <ItemGroup>
    <ClCompile Include="src\Component\EntityComponent.cpp">
      <Filter>Component</Filter>
    </ClCompile>
    <ClCompile Include="src\Entity\Entity.cpp">
      <Filter>Entity</Filter>
    </ClCompile>
  </ItemGroup>
</Project>